// !$*UTF8*$!
{
	archiveVersion = 1;
	classes = {
	};
	objectVersion = 77;
	objects = {

/* Begin PBXBuildFile section */
		FB6CF1EF2F35A8AF00C2C00C /* UIVIew.Ext.swift in Sources */ = {isa = PBXBuildFile; fileRef = FB6CF1EE2F35A8AF00C2C00C /* UIVIew.Ext.swift */; };
		FB6CF1F22F35A94B00C2C00C /* CarouselCell.swift in Sources */ = {isa = PBXBuildFile; fileRef = FB6CF1F12F35A94B00C2C00C /* CarouselCell.swift */; };
		FB6CF1F52F35A9E800C2C00C /* CarouselCell.Layout.swift in Sources */ = {isa = PBXBuildFile; fileRef = FB6CF1F42F35A9E800C2C00C /* CarouselCell.Layout.swift */; };
		FB6CF1F82F35AB0100C2C00C /* ImageCell.swift in Sources */ = {isa = PBXBuildFile; fileRef = FB6CF1F72F35AB0100C2C00C /* ImageCell.swift */; };
		FB6CF1FA2F35AC3400C2C00C /* ImageCell.Layout.swift in Sources */ = {isa = PBXBuildFile; fileRef = FB6CF1F92F35AC3400C2C00C /* ImageCell.Layout.swift */; };
		FB6CF1FD2F35AE6800C2C00C /* City.swift in Sources */ = {isa = PBXBuildFile; fileRef = FB6CF1FC2F35AE6800C2C00C /* City.swift */; };
		FB6CF2002F35B06A00C2C00C /* HorizontalDotsView.swift in Sources */ = {isa = PBXBuildFile; fileRef = FB6CF1FF2F35B06A00C2C00C /* HorizontalDotsView.swift */; };
		FB6CF2032F35C12A00C2C00C /* SwipeCollectionView.swift in Sources */ = {isa = PBXBuildFile; fileRef = FB6CF2022F35C12A00C2C00C /* SwipeCollectionView.swift */; };
		FB6CF2062F35C51C00C2C00C /* CityCell.swift in Sources */ = {isa = PBXBuildFile; fileRef = FB6CF2052F35C51C00C2C00C /* CityCell.swift */; };
		FB6CF2082F35C6A200C2C00C /* Colors.xcassets in Resources */ = {isa = PBXBuildFile; fileRef = FB6CF2072F35C6A200C2C00C /* Colors.xcassets */; };
		FBE0B6842F35961C00BDE7CC /* AppDelegate.swift in Sources */ = {isa = PBXBuildFile; fileRef = FBE0B67E2F35961C00BDE7CC /* AppDelegate.swift */; };
		FBE0B6852F35961C00BDE7CC /* SceneDelegate.swift in Sources */ = {isa = PBXBuildFile; fileRef = FBE0B6812F35961C00BDE7CC /* SceneDelegate.swift */; };
		FBE0B6862F35961C00BDE7CC /* HomeViewController.swift in Sources */ = {isa = PBXBuildFile; fileRef = FBE0B6822F35961C00BDE7CC /* HomeViewController.swift */; };
		FBE0B6872F35961C00BDE7CC /* Assets.xcassets in Resources */ = {isa = PBXBuildFile; fileRef = FBE0B67F2F35961C00BDE7CC /* Assets.xcassets */; };
		FBE0B68D2F3596D900BDE7CC /* HomeViewModel.swift in Sources */ = {isa = PBXBuildFile; fileRef = FBE0B68C2F3596D900BDE7CC /* HomeViewModel.swift */; };
		FBE0B68F2F35982700BDE7CC /* HomeViewController.Layout.swift in Sources */ = {isa = PBXBuildFile; fileRef = FBE0B68E2F35982700BDE7CC /* HomeViewController.Layout.swift */; };
/* End PBXBuildFile section */

/* Begin PBXFileReference section */
		FB6CF1EE2F35A8AF00C2C00C /* UIVIew.Ext.swift */ = {isa = PBXFileReference; lastKnownFileType = sourcecode.swift; path = UIVIew.Ext.swift; sourceTree = "<group>"; };
		FB6CF1F12F35A94B00C2C00C /* CarouselCell.swift */ = {isa = PBXFileReference; lastKnownFileType = sourcecode.swift; path = CarouselCell.swift; sourceTree = "<group>"; };
		FB6CF1F42F35A9E800C2C00C /* CarouselCell.Layout.swift */ = {isa = PBXFileReference; lastKnownFileType = sourcecode.swift; path = CarouselCell.Layout.swift; sourceTree = "<group>"; };
		FB6CF1F72F35AB0100C2C00C /* ImageCell.swift */ = {isa = PBXFileReference; lastKnownFileType = sourcecode.swift; path = ImageCell.swift; sourceTree = "<group>"; };
		FB6CF1F92F35AC3400C2C00C /* ImageCell.Layout.swift */ = {isa = PBXFileReference; lastKnownFileType = sourcecode.swift; path = ImageCell.Layout.swift; sourceTree = "<group>"; };
		FB6CF1FC2F35AE6800C2C00C /* City.swift */ = {isa = PBXFileReference; lastKnownFileType = sourcecode.swift; path = City.swift; sourceTree = "<group>"; };
		FB6CF1FF2F35B06A00C2C00C /* HorizontalDotsView.swift */ = {isa = PBXFileReference; lastKnownFileType = sourcecode.swift; path = HorizontalDotsView.swift; sourceTree = "<group>"; };
		FB6CF2022F35C12A00C2C00C /* SwipeCollectionView.swift */ = {isa = PBXFileReference; lastKnownFileType = sourcecode.swift; path = SwipeCollectionView.swift; sourceTree = "<group>"; };
		FB6CF2052F35C51C00C2C00C /* CityCell.swift */ = {isa = PBXFileReference; lastKnownFileType = sourcecode.swift; path = CityCell.swift; sourceTree = "<group>"; };
		FB6CF2072F35C6A200C2C00C /* Colors.xcassets */ = {isa = PBXFileReference; lastKnownFileType = folder.assetcatalog; path = Colors.xcassets; sourceTree = "<group>"; };
		FBE0B6462F35933200BDE7CC /* ABCExam2.app */ = {isa = PBXFileReference; explicitFileType = wrapper.application; includeInIndex = 0; path = ABCExam2.app; sourceTree = BUILT_PRODUCTS_DIR; };
		FBE0B67E2F35961C00BDE7CC /* AppDelegate.swift */ = {isa = PBXFileReference; lastKnownFileType = sourcecode.swift; path = AppDelegate.swift; sourceTree = "<group>"; };
		FBE0B67F2F35961C00BDE7CC /* Assets.xcassets */ = {isa = PBXFileReference; lastKnownFileType = folder.assetcatalog; path = Assets.xcassets; sourceTree = "<group>"; };
		FBE0B6802F35961C00BDE7CC /* Info.plist */ = {isa = PBXFileReference; lastKnownFileType = text.plist.xml; path = Info.plist; sourceTree = "<group>"; };
		FBE0B6812F35961C00BDE7CC /* SceneDelegate.swift */ = {isa = PBXFileReference; lastKnownFileType = sourcecode.swift; path = SceneDelegate.swift; sourceTree = "<group>"; };
		FBE0B6822F35961C00BDE7CC /* HomeViewController.swift */ = {isa = PBXFileReference; lastKnownFileType = sourcecode.swift; path = HomeViewController.swift; sourceTree = "<group>"; };
		FBE0B68C2F3596D900BDE7CC /* HomeViewModel.swift */ = {isa = PBXFileReference; lastKnownFileType = sourcecode.swift; path = HomeViewModel.swift; sourceTree = "<group>"; };
		FBE0B68E2F35982700BDE7CC /* HomeViewController.Layout.swift */ = {isa = PBXFileReference; lastKnownFileType = sourcecode.swift; path = HomeViewController.Layout.swift; sourceTree = "<group>"; };
/* End PBXFileReference section */

/* Begin PBXFrameworksBuildPhase section */
		FBE0B6432F35933200BDE7CC /* Frameworks */ = {
			isa = PBXFrameworksBuildPhase;
			buildActionMask = 2147483647;
			files = (
			);
			runOnlyForDeploymentPostprocessing = 0;
		};
/* End PBXFrameworksBuildPhase section */

/* Begin PBXGroup section */
		FB6CF1ED2F35A87D00C2C00C /* Utilities */ = {
			isa = PBXGroup;
			children = (
				FB6CF1EE2F35A8AF00C2C00C /* UIVIew.Ext.swift */,
			);
			path = Utilities;
			sourceTree = "<group>";
		};
		FB6CF1F02F35A93900C2C00C /* Elements */ = {
			isa = PBXGroup;
			children = (
				FB6CF1F32F35A96400C2C00C /* Carousel Cell */,
				FB6CF1F62F35AAF400C2C00C /* ImageCell */,
				FB6CF2042F35C50D00C2C00C /* City Cell */,
				FB6CF1FE2F35B04D00C2C00C /* Horizontal Dots View */,
				FB6CF2012F35C11100C2C00C /* Swipe Collection View */,
			);
			path = Elements;
			sourceTree = "<group>";
		};
		FB6CF1F32F35A96400C2C00C /* Carousel Cell */ = {
			isa = PBXGroup;
			children = (
				FB6CF1F42F35A9E800C2C00C /* CarouselCell.Layout.swift */,
				FB6CF1F12F35A94B00C2C00C /* CarouselCell.swift */,
			);
			path = "Carousel Cell";
			sourceTree = "<group>";
		};
		FB6CF1F62F35AAF400C2C00C /* ImageCell */ = {
			isa = PBXGroup;
			children = (
				FB6CF1F92F35AC3400C2C00C /* ImageCell.Layout.swift */,
				FB6CF1F72F35AB0100C2C00C /* ImageCell.swift */,
			);
			path = ImageCell;
			sourceTree = "<group>";
		};
		FB6CF1FB2F35AE5D00C2C00C /* Domain */ = {
			isa = PBXGroup;
			children = (
				FB6CF1FC2F35AE6800C2C00C /* City.swift */,
			);
			path = Domain;
			sourceTree = "<group>";
		};
		FB6CF1FE2F35B04D00C2C00C /* Horizontal Dots View */ = {
			isa = PBXGroup;
			children = (
				FB6CF1FF2F35B06A00C2C00C /* HorizontalDotsView.swift */,
			);
			path = "Horizontal Dots View";
			sourceTree = "<group>";
		};
		FB6CF2012F35C11100C2C00C /* Swipe Collection View */ = {
			isa = PBXGroup;
			children = (
				FB6CF2022F35C12A00C2C00C /* SwipeCollectionView.swift */,
			);
			path = "Swipe Collection View";
			sourceTree = "<group>";
		};
		FB6CF2042F35C50D00C2C00C /* City Cell */ = {
			isa = PBXGroup;
			children = (
				FB6CF2052F35C51C00C2C00C /* CityCell.swift */,
			);
			path = "City Cell";
			sourceTree = "<group>";
		};
		FBE0B63D2F35933200BDE7CC = {
			isa = PBXGroup;
			children = (
				FBE0B6832F35961C00BDE7CC /* ABCExam2 */,
				FBE0B6472F35933200BDE7CC /* Products */,
			);
			sourceTree = "<group>";
		};
		FBE0B6472F35933200BDE7CC /* Products */ = {
			isa = PBXGroup;
			children = (
				FBE0B6462F35933200BDE7CC /* ABCExam2.app */,
			);
			name = Products;
			sourceTree = "<group>";
		};
		FBE0B6832F35961C00BDE7CC /* ABCExam2 */ = {
			isa = PBXGroup;
			children = (
				FBE0B68A2F35962700BDE7CC /* App */,
				FB6CF1FB2F35AE5D00C2C00C /* Domain */,
				FBE0B6892F35962000BDE7CC /* Scenes */,
				FB6CF1F02F35A93900C2C00C /* Elements */,
				FB6CF1ED2F35A87D00C2C00C /* Utilities */,
				FBE0B68B2F35963300BDE7CC /* Resources */,
			);
			path = ABCExam2;
			sourceTree = "<group>";
		};
		FBE0B6892F35962000BDE7CC /* Scenes */ = {
			isa = PBXGroup;
			children = (
				FBE0B68E2F35982700BDE7CC /* HomeViewController.Layout.swift */,
				FBE0B6822F35961C00BDE7CC /* HomeViewController.swift */,
				FBE0B68C2F3596D900BDE7CC /* HomeViewModel.swift */,
			);
			path = Scenes;
			sourceTree = "<group>";
		};
		FBE0B68A2F35962700BDE7CC /* App */ = {
			isa = PBXGroup;
			children = (
				FBE0B67E2F35961C00BDE7CC /* AppDelegate.swift */,
				FBE0B6812F35961C00BDE7CC /* SceneDelegate.swift */,
				FBE0B6802F35961C00BDE7CC /* Info.plist */,
			);
			path = App;
			sourceTree = "<group>";
		};
		FBE0B68B2F35963300BDE7CC /* Resources */ = {
			isa = PBXGroup;
			children = (
				FBE0B67F2F35961C00BDE7CC /* Assets.xcassets */,
				FB6CF2072F35C6A200C2C00C /* Colors.xcassets */,
			);
			path = Resources;
			sourceTree = "<group>";
		};
/* End PBXGroup section */

/* Begin PBXNativeTarget section */
		FBE0B6452F35933200BDE7CC /* ABCExam2 */ = {
			isa = PBXNativeTarget;
			buildConfigurationList = FBE0B6592F35933300BDE7CC /* Build configuration list for PBXNativeTarget "ABCExam2" */;
			buildPhases = (
				FBE0B6422F35933200BDE7CC /* Sources */,
				FBE0B6432F35933200BDE7CC /* Frameworks */,
				FBE0B6442F35933200BDE7CC /* Resources */,
			);
			buildRules = (
			);
			dependencies = (
			);
			name = ABCExam2;
			packageProductDependencies = (
			);
			productName = ABCExam2;
			productReference = FBE0B6462F35933200BDE7CC /* ABCExam2.app */;
			productType = "com.apple.product-type.application";
		};
/* End PBXNativeTarget section */

/* Begin PBXProject section */
		FBE0B63E2F35933200BDE7CC /* Project object */ = {
			isa = PBXProject;
			attributes = {
				BuildIndependentTargetsInParallel = 1;
				LastSwiftUpdateCheck = 2620;
				LastUpgradeCheck = 2620;
				TargetAttributes = {
					FBE0B6452F35933200BDE7CC = {
						CreatedOnToolsVersion = 26.2;
					};
				};
			};
			buildConfigurationList = FBE0B6412F35933200BDE7CC /* Build configuration list for PBXProject "ABCExam2" */;
			developmentRegion = en;
			hasScannedForEncodings = 0;
			knownRegions = (
				en,
				Base,
			);
			mainGroup = FBE0B63D2F35933200BDE7CC;
			minimizedProjectReferenceProxies = 1;
			preferredProjectObjectVersion = 77;
			productRefGroup = FBE0B6472F35933200BDE7CC /* Products */;
			projectDirPath = "";
			projectRoot = "";
			targets = (
				FBE0B6452F35933200BDE7CC /* ABCExam2 */,
			);
		};
/* End PBXProject section */

/* Begin PBXResourcesBuildPhase section */
		FBE0B6442F35933200BDE7CC /* Resources */ = {
			isa = PBXResourcesBuildPhase;
			buildActionMask = 2147483647;
			files = (
				FBE0B6872F35961C00BDE7CC /* Assets.xcassets in Resources */,
				FB6CF2082F35C6A200C2C00C /* Colors.xcassets in Resources */,
			);
			runOnlyForDeploymentPostprocessing = 0;
		};
/* End PBXResourcesBuildPhase section */

/* Begin PBXSourcesBuildPhase section */
		FBE0B6422F35933200BDE7CC /* Sources */ = {
			isa = PBXSourcesBuildPhase;
			buildActionMask = 2147483647;
			files = (
				FBE0B6842F35961C00BDE7CC /* AppDelegate.swift in Sources */,
				FBE0B6852F35961C00BDE7CC /* SceneDelegate.swift in Sources */,
				FB6CF2002F35B06A00C2C00C /* HorizontalDotsView.swift in Sources */,
				FB6CF1F82F35AB0100C2C00C /* ImageCell.swift in Sources */,
				FB6CF1EF2F35A8AF00C2C00C /* UIVIew.Ext.swift in Sources */,
				FBE0B6862F35961C00BDE7CC /* HomeViewController.swift in Sources */,
				FB6CF1F22F35A94B00C2C00C /* CarouselCell.swift in Sources */,
				FBE0B68F2F35982700BDE7CC /* HomeViewController.Layout.swift in Sources */,
				FB6CF1FD2F35AE6800C2C00C /* City.swift in Sources */,
				FB6CF2032F35C12A00C2C00C /* SwipeCollectionView.swift in Sources */,
				FB6CF1F52F35A9E800C2C00C /* CarouselCell.Layout.swift in Sources */,
				FB6CF1FA2F35AC3400C2C00C /* ImageCell.Layout.swift in Sources */,
				FB6CF2062F35C51C00C2C00C /* CityCell.swift in Sources */,
				FBE0B68D2F3596D900BDE7CC /* HomeViewModel.swift in Sources */,
			);
			runOnlyForDeploymentPostprocessing = 0;
		};
/* End PBXSourcesBuildPhase section */

/* Begin XCBuildConfiguration section */
		FBE0B65A2F35933300BDE7CC /* Debug */ = {
			isa = XCBuildConfiguration;
			buildSettings = {
				ASSETCATALOG_COMPILER_APPICON_NAME = AppIcon;
				ASSETCATALOG_COMPILER_GLOBAL_ACCENT_COLOR_NAME = AccentColor;
				CODE_SIGN_STYLE = Automatic;
				CURRENT_PROJECT_VERSION = 1;
				DEVELOPMENT_TEAM = F75Y2M3DZF;
				GENERATE_INFOPLIST_FILE = YES;
				INFOPLIST_FILE = ABCExam2/App/Info.plist;
				INFOPLIST_KEY_UIApplicationSupportsIndirectInputEvents = YES;
				INFOPLIST_KEY_UILaunchStoryboardName = "";
				INFOPLIST_KEY_UISupportedInterfaceOrientations = UIInterfaceOrientationPortrait;
				IPHONEOS_DEPLOYMENT_TARGET = 18.6;
				LD_RUNPATH_SEARCH_PATHS = (
					"$(inherited)",
					"@executable_path/Frameworks",
				);
				MARKETING_VERSION = 1.0;
				PRODUCT_BUNDLE_IDENTIFIER = com.AE.ABCExam2;
				PRODUCT_NAME = "$(TARGET_NAME)";
				STRING_CATALOG_GENERATE_SYMBOLS = YES;
				SUPPORTED_PLATFORMS = "iphoneos iphonesimulator";
				SUPPORTS_MACCATALYST = NO;
				SUPPORTS_MAC_DESIGNED_FOR_IPHONE_IPAD = NO;
				SUPPORTS_XR_DESIGNED_FOR_IPHONE_IPAD = NO;
				SWIFT_APPROACHABLE_CONCURRENCY = YES;
				SWIFT_DEFAULT_ACTOR_ISOLATION = MainActor;
				SWIFT_EMIT_LOC_STRINGS = YES;
				SWIFT_UPCOMING_FEATURE_MEMBER_IMPORT_VISIBILITY = YES;
				SWIFT_VERSION = 5.0;
				TARGETED_DEVICE_FAMILY = 1;
			};
			name = Debug;
		};
		FBE0B65B2F35933300BDE7CC /* Release */ = {
			isa = XCBuildConfiguration;
			buildSettings = {
				ASSETCATALOG_COMPILER_APPICON_NAME = AppIcon;
				ASSETCATALOG_COMPILER_GLOBAL_ACCENT_COLOR_NAME = AccentColor;
				CODE_SIGN_STYLE = Automatic;
				CURRENT_PROJECT_VERSION = 1;
				DEVELOPMENT_TEAM = F75Y2M3DZF;
				GENERATE_INFOPLIST_FILE = YES;
				INFOPLIST_FILE = ABCExam2/App/Info.plist;
				INFOPLIST_KEY_UIApplicationSupportsIndirectInputEvents = YES;
				INFOPLIST_KEY_UILaunchStoryboardName = "";
				INFOPLIST_KEY_UISupportedInterfaceOrientations = UIInterfaceOrientationPortrait;
				IPHONEOS_DEPLOYMENT_TARGET = 18.6;
				LD_RUNPATH_SEARCH_PATHS = (
					"$(inherited)",
					"@executable_path/Frameworks",
				);
				MARKETING_VERSION = 1.0;
				PRODUCT_BUNDLE_IDENTIFIER = com.AE.ABCExam2;
				PRODUCT_NAME = "$(TARGET_NAME)";
				STRING_CATALOG_GENERATE_SYMBOLS = YES;
				SUPPORTED_PLATFORMS = "iphoneos iphonesimulator";
				SUPPORTS_MACCATALYST = NO;
				SUPPORTS_MAC_DESIGNED_FOR_IPHONE_IPAD = NO;
				SUPPORTS_XR_DESIGNED_FOR_IPHONE_IPAD = NO;
				SWIFT_APPROACHABLE_CONCURRENCY = YES;
				SWIFT_DEFAULT_ACTOR_ISOLATION = MainActor;
				SWIFT_EMIT_LOC_STRINGS = YES;
				SWIFT_UPCOMING_FEATURE_MEMBER_IMPORT_VISIBILITY = YES;
				SWIFT_VERSION = 5.0;
				TARGETED_DEVICE_FAMILY = 1;
			};
			name = Release;
		};
		FBE0B65C2F35933300BDE7CC /* Debug */ = {
			isa = XCBuildConfiguration;
			buildSettings = {
				ALWAYS_SEARCH_USER_PATHS = NO;
				ASSETCATALOG_COMPILER_GENERATE_SWIFT_ASSET_SYMBOL_EXTENSIONS = YES;
				CLANG_ANALYZER_NONNULL = YES;
				CLANG_ANALYZER_NUMBER_OBJECT_CONVERSION = YES_AGGRESSIVE;
				CLANG_CXX_LANGUAGE_STANDARD = "gnu++20";
				CLANG_ENABLE_MODULES = YES;
				CLANG_ENABLE_OBJC_ARC = YES;
				CLANG_ENABLE_OBJC_WEAK = YES;
				CLANG_WARN_BLOCK_CAPTURE_AUTORELEASING = YES;
				CLANG_WARN_BOOL_CONVERSION = YES;
				CLANG_WARN_COMMA = YES;
				CLANG_WARN_CONSTANT_CONVERSION = YES;
				CLANG_WARN_DEPRECATED_OBJC_IMPLEMENTATIONS = YES;
				CLANG_WARN_DIRECT_OBJC_ISA_USAGE = YES_ERROR;
				CLANG_WARN_DOCUMENTATION_COMMENTS = YES;
				CLANG_WARN_EMPTY_BODY = YES;
				CLANG_WARN_ENUM_CONVERSION = YES;
				CLANG_WARN_INFINITE_RECURSION = YES;
				CLANG_WARN_INT_CONVERSION = YES;
				CLANG_WARN_NON_LITERAL_NULL_CONVERSION = YES;
				CLANG_WARN_OBJC_IMPLICIT_RETAIN_SELF = YES;
				CLANG_WARN_OBJC_LITERAL_CONVERSION = YES;
				CLANG_WARN_OBJC_ROOT_CLASS = YES_ERROR;
				CLANG_WARN_QUOTED_INCLUDE_IN_FRAMEWORK_HEADER = YES;
				CLANG_WARN_RANGE_LOOP_ANALYSIS = YES;
				CLANG_WARN_STRICT_PROTOTYPES = YES;
				CLANG_WARN_SUSPICIOUS_MOVE = YES;
				CLANG_WARN_UNGUARDED_AVAILABILITY = YES_AGGRESSIVE;
				CLANG_WARN_UNREACHABLE_CODE = YES;
				CLANG_WARN__DUPLICATE_METHOD_MATCH = YES;
				COPY_PHASE_STRIP = NO;
				DEBUG_INFORMATION_FORMAT = dwarf;
				DEVELOPMENT_TEAM = F75Y2M3DZF;
				ENABLE_STRICT_OBJC_MSGSEND = YES;
				ENABLE_TESTABILITY = YES;
				ENABLE_USER_SCRIPT_SANDBOXING = YES;
				GCC_C_LANGUAGE_STANDARD = gnu17;
				GCC_DYNAMIC_NO_PIC = NO;
				GCC_NO_COMMON_BLOCKS = YES;
				GCC_OPTIMIZATION_LEVEL = 0;
				GCC_PREPROCESSOR_DEFINITIONS = (
					"DEBUG=1",
					"$(inherited)",
				);
				GCC_WARN_64_TO_32_BIT_CONVERSION = YES;
				GCC_WARN_ABOUT_RETURN_TYPE = YES_ERROR;
				GCC_WARN_UNDECLARED_SELECTOR = YES;
				GCC_WARN_UNINITIALIZED_AUTOS = YES_AGGRESSIVE;
				GCC_WARN_UNUSED_FUNCTION = YES;
				GCC_WARN_UNUSED_VARIABLE = YES;
				IPHONEOS_DEPLOYMENT_TARGET = 26.2;
				LOCALIZATION_PREFERS_STRING_CATALOGS = YES;
				MTL_ENABLE_DEBUG_INFO = INCLUDE_SOURCE;
				MTL_FAST_MATH = YES;
				ONLY_ACTIVE_ARCH = YES;
				SDKROOT = iphoneos;
				SWIFT_ACTIVE_COMPILATION_CONDITIONS = "DEBUG $(inherited)";
				SWIFT_OPTIMIZATION_LEVEL = "-Onone";
			};
			name = Debug;
		};
		FBE0B65D2F35933300BDE7CC /* Release */ = {
			isa = XCBuildConfiguration;
			buildSettings = {
				ALWAYS_SEARCH_USER_PATHS = NO;
				ASSETCATALOG_COMPILER_GENERATE_SWIFT_ASSET_SYMBOL_EXTENSIONS = YES;
				CLANG_ANALYZER_NONNULL = YES;
				CLANG_ANALYZER_NUMBER_OBJECT_CONVERSION = YES_AGGRESSIVE;
				CLANG_CXX_LANGUAGE_STANDARD = "gnu++20";
				CLANG_ENABLE_MODULES = YES;
				CLANG_ENABLE_OBJC_ARC = YES;
				CLANG_ENABLE_OBJC_WEAK = YES;
				CLANG_WARN_BLOCK_CAPTURE_AUTORELEASING = YES;
				CLANG_WARN_BOOL_CONVERSION = YES;
				CLANG_WARN_COMMA = YES;
				CLANG_WARN_CONSTANT_CONVERSION = YES;
				CLANG_WARN_DEPRECATED_OBJC_IMPLEMENTATIONS = YES;
				CLANG_WARN_DIRECT_OBJC_ISA_USAGE = YES_ERROR;
				CLANG_WARN_DOCUMENTATION_COMMENTS = YES;
				CLANG_WARN_EMPTY_BODY = YES;
				CLANG_WARN_ENUM_CONVERSION = YES;
				CLANG_WARN_INFINITE_RECURSION = YES;
				CLANG_WARN_INT_CONVERSION = YES;
				CLANG_WARN_NON_LITERAL_NULL_CONVERSION = YES;
				CLANG_WARN_OBJC_IMPLICIT_RETAIN_SELF = YES;
				CLANG_WARN_OBJC_LITERAL_CONVERSION = YES;
				CLANG_WARN_OBJC_ROOT_CLASS = YES_ERROR;
				CLANG_WARN_QUOTED_INCLUDE_IN_FRAMEWORK_HEADER = YES;
				CLANG_WARN_RANGE_LOOP_ANALYSIS = YES;
				CLANG_WARN_STRICT_PROTOTYPES = YES;
				CLANG_WARN_SUSPICIOUS_MOVE = YES;
				CLANG_WARN_UNGUARDED_AVAILABILITY = YES_AGGRESSIVE;
				CLANG_WARN_UNREACHABLE_CODE = YES;
				CLANG_WARN__DUPLICATE_METHOD_MATCH = YES;
				COPY_PHASE_STRIP = NO;
				DEBUG_INFORMATION_FORMAT = "dwarf-with-dsym";
				DEVELOPMENT_TEAM = F75Y2M3DZF;
				ENABLE_NS_ASSERTIONS = NO;
				ENABLE_STRICT_OBJC_MSGSEND = YES;
				ENABLE_USER_SCRIPT_SANDBOXING = YES;
				GCC_C_LANGUAGE_STANDARD = gnu17;
				GCC_NO_COMMON_BLOCKS = YES;
				GCC_WARN_64_TO_32_BIT_CONVERSION = YES;
				GCC_WARN_ABOUT_RETURN_TYPE = YES_ERROR;
				GCC_WARN_UNDECLARED_SELECTOR = YES;
				GCC_WARN_UNINITIALIZED_AUTOS = YES_AGGRESSIVE;
				GCC_WARN_UNUSED_FUNCTION = YES;
				GCC_WARN_UNUSED_VARIABLE = YES;
				IPHONEOS_DEPLOYMENT_TARGET = 26.2;
				LOCALIZATION_PREFERS_STRING_CATALOGS = YES;
				MTL_ENABLE_DEBUG_INFO = NO;
				MTL_FAST_MATH = YES;
				SDKROOT = iphoneos;
				SWIFT_COMPILATION_MODE = wholemodule;
				VALIDATE_PRODUCT = YES;
			};
			name = Release;
		};
/* End XCBuildConfiguration section */

/* Begin XCConfigurationList section */
		FBE0B6412F35933200BDE7CC /* Build configuration list for PBXProject "ABCExam2" */ = {
			isa = XCConfigurationList;
			buildConfigurations = (
				FBE0B65C2F35933300BDE7CC /* Debug */,
				FBE0B65D2F35933300BDE7CC /* Release */,
			);
			defaultConfigurationIsVisible = 0;
			defaultConfigurationName = Release;
		};
		FBE0B6592F35933300BDE7CC /* Build configuration list for PBXNativeTarget "ABCExam2" */ = {
			isa = XCConfigurationList;
			buildConfigurations = (
				FBE0B65A2F35933300BDE7CC /* Debug */,
				FBE0B65B2F35933300BDE7CC /* Release */,
			);
			defaultConfigurationIsVisible = 0;
			defaultConfigurationName = Release;
		};
/* End XCConfigurationList section */
	};
	rootObject = FBE0B63E2F35933200BDE7CC /* Project object */;
}
